// !$*UTF8*$!
{
	archiveVersion = 1;
	classes = {
	};
	objectVersion = 56;
	objects = {

/* Begin PBXBuildFile section */
		612833252AA48D6900D132B5 /* CoreDataHelper.swift in Sources */ = {isa = PBXBuildFile; fileRef = 612833242AA48D6900D132B5 /* CoreDataHelper.swift */; };
		617B86C72AA3A43E006291B3 /* ProuductViewModel.swift in Sources */ = {isa = PBXBuildFile; fileRef = 617B86C62AA3A43E006291B3 /* ProuductViewModel.swift */; };
		618032172AA42FBC00411AA5 /* Kingfisher in Frameworks */ = {isa = PBXBuildFile; productRef = 618032162AA42FBC00411AA5 /* Kingfisher */; };
		618E0CE92AA3BCE800ACB908 /* ProductCell.swift in Sources */ = {isa = PBXBuildFile; fileRef = 618E0CE72AA3BCE800ACB908 /* ProductCell.swift */; };
		618E0CEA2AA3BCE800ACB908 /* ProductCell.xib in Resources */ = {isa = PBXBuildFile; fileRef = 618E0CE82AA3BCE800ACB908 /* ProductCell.xib */; };
		618E0CEF2AA3CA1400ACB908 /* UIImageView + Extension.swift in Sources */ = {isa = PBXBuildFile; fileRef = 618E0CEE2AA3CA1400ACB908 /* UIImageView + Extension.swift */; };
		61937E242AA4BB630090CAF2 /* FavoriteProduct+CoreDataClass.swift in Sources */ = {isa = PBXBuildFile; fileRef = 61937E222AA4BB630090CAF2 /* FavoriteProduct+CoreDataClass.swift */; };
		61937E252AA4BB630090CAF2 /* FavoriteProduct+CoreDataProperties.swift in Sources */ = {isa = PBXBuildFile; fileRef = 61937E232AA4BB630090CAF2 /* FavoriteProduct+CoreDataProperties.swift */; };
		61962C7D2AA3E40E009EA451 /* DetailsViewController.swift in Sources */ = {isa = PBXBuildFile; fileRef = 61962C7C2AA3E40E009EA451 /* DetailsViewController.swift */; };
		61962C852AA3F82D009EA451 /* ProductPhotoCollectionViewCells.swift in Sources */ = {isa = PBXBuildFile; fileRef = 61962C842AA3F82D009EA451 /* ProductPhotoCollectionViewCells.swift */; };
		61962C872AA4038A009EA451 /* ViewController.swift in Sources */ = {isa = PBXBuildFile; fileRef = 61962C862AA4038A009EA451 /* ViewController.swift */; };
		61962C892AA403B7009EA451 /* Reachability.swift in Sources */ = {isa = PBXBuildFile; fileRef = 61962C882AA403B7009EA451 /* Reachability.swift */; };
		61962C8B2AA40456009EA451 /* NetworkErrorViewsController.swift in Sources */ = {isa = PBXBuildFile; fileRef = 61962C8A2AA40456009EA451 /* NetworkErrorViewsController.swift */; };
		61962C8D2AA4070E009EA451 /* FavoritesViewController.swift in Sources */ = {isa = PBXBuildFile; fileRef = 61962C8C2AA4070E009EA451 /* FavoritesViewController.swift */; };
		61962C932AA40A5C009EA451 /* FavoritesManager.swift in Sources */ = {isa = PBXBuildFile; fileRef = 61962C922AA40A5C009EA451 /* FavoritesManager.swift */; };
		6198FE662AA3854F00B55A44 /* APIManager.swift in Sources */ = {isa = PBXBuildFile; fileRef = 6198FE652AA3854F00B55A44 /* APIManager.swift */; };
		6198FE682AA3892A00B55A44 /* Constant.swift in Sources */ = {isa = PBXBuildFile; fileRef = 6198FE672AA3892A00B55A44 /* Constant.swift */; };
		6198FE6A2AA3934F00B55A44 /* ProuductListViewController.swift in Sources */ = {isa = PBXBuildFile; fileRef = 6198FE692AA3934F00B55A44 /* ProuductListViewController.swift */; };
		61FBC15F2AA365E900A66E29 /* AppDelegate.swift in Sources */ = {isa = PBXBuildFile; fileRef = 61FBC15E2AA365E900A66E29 /* AppDelegate.swift */; };
		61FBC1612AA365E900A66E29 /* SceneDelegate.swift in Sources */ = {isa = PBXBuildFile; fileRef = 61FBC1602AA365E900A66E29 /* SceneDelegate.swift */; };
		61FBC1662AA365E900A66E29 /* Main.storyboard in Resources */ = {isa = PBXBuildFile; fileRef = 61FBC1642AA365E900A66E29 /* Main.storyboard */; };
		61FBC1692AA365E900A66E29 /* Prouduct_MVVM.xcdatamodeld in Sources */ = {isa = PBXBuildFile; fileRef = 61FBC1672AA365E900A66E29 /* Prouduct_MVVM.xcdatamodeld */; };
		61FBC16B2AA365EC00A66E29 /* Assets.xcassets in Resources */ = {isa = PBXBuildFile; fileRef = 61FBC16A2AA365EC00A66E29 /* Assets.xcassets */; };
		61FBC16E2AA365EC00A66E29 /* LaunchScreen.storyboard in Resources */ = {isa = PBXBuildFile; fileRef = 61FBC16C2AA365EC00A66E29 /* LaunchScreen.storyboard */; };
		61FBC1812AA3679400A66E29 /* Product.swift in Sources */ = {isa = PBXBuildFile; fileRef = 61FBC1802AA3679400A66E29 /* Product.swift */; };
/* End PBXBuildFile section */

/* Begin PBXFileReference section */
		612833242AA48D6900D132B5 /* CoreDataHelper.swift */ = {isa = PBXFileReference; lastKnownFileType = sourcecode.swift; path = CoreDataHelper.swift; sourceTree = "<group>"; };
		617B86C62AA3A43E006291B3 /* ProuductViewModel.swift */ = {isa = PBXFileReference; lastKnownFileType = sourcecode.swift; path = ProuductViewModel.swift; sourceTree = "<group>"; };
		618E0CE72AA3BCE800ACB908 /* ProductCell.swift */ = {isa = PBXFileReference; lastKnownFileType = sourcecode.swift; path = ProductCell.swift; sourceTree = "<group>"; };
		618E0CE82AA3BCE800ACB908 /* ProductCell.xib */ = {isa = PBXFileReference; lastKnownFileType = file.xib; path = ProductCell.xib; sourceTree = "<group>"; };
		618E0CEE2AA3CA1400ACB908 /* UIImageView + Extension.swift */ = {isa = PBXFileReference; lastKnownFileType = sourcecode.swift; path = "UIImageView + Extension.swift"; sourceTree = "<group>"; };
		61937E222AA4BB630090CAF2 /* FavoriteProduct+CoreDataClass.swift */ = {isa = PBXFileReference; lastKnownFileType = sourcecode.swift; path = "FavoriteProduct+CoreDataClass.swift"; sourceTree = "<group>"; };
		61937E232AA4BB630090CAF2 /* FavoriteProduct+CoreDataProperties.swift */ = {isa = PBXFileReference; lastKnownFileType = sourcecode.swift; path = "FavoriteProduct+CoreDataProperties.swift"; sourceTree = "<group>"; };
		61962C7C2AA3E40E009EA451 /* DetailsViewController.swift */ = {isa = PBXFileReference; lastKnownFileType = sourcecode.swift; path = DetailsViewController.swift; sourceTree = "<group>"; };
		61962C842AA3F82D009EA451 /* ProductPhotoCollectionViewCells.swift */ = {isa = PBXFileReference; lastKnownFileType = sourcecode.swift; path = ProductPhotoCollectionViewCells.swift; sourceTree = "<group>"; };
		61962C862AA4038A009EA451 /* ViewController.swift */ = {isa = PBXFileReference; lastKnownFileType = sourcecode.swift; path = ViewController.swift; sourceTree = "<group>"; };
		61962C882AA403B7009EA451 /* Reachability.swift */ = {isa = PBXFileReference; fileEncoding = 4; lastKnownFileType = sourcecode.swift; path = Reachability.swift; sourceTree = "<group>"; };
		61962C8A2AA40456009EA451 /* NetworkErrorViewsController.swift */ = {isa = PBXFileReference; lastKnownFileType = sourcecode.swift; path = NetworkErrorViewsController.swift; sourceTree = "<group>"; };
		61962C8C2AA4070E009EA451 /* FavoritesViewController.swift */ = {isa = PBXFileReference; lastKnownFileType = sourcecode.swift; path = FavoritesViewController.swift; sourceTree = "<group>"; };
		61962C922AA40A5C009EA451 /* FavoritesManager.swift */ = {isa = PBXFileReference; fileEncoding = 4; lastKnownFileType = sourcecode.swift; path = FavoritesManager.swift; sourceTree = "<group>"; };
		6198FE652AA3854F00B55A44 /* APIManager.swift */ = {isa = PBXFileReference; lastKnownFileType = sourcecode.swift; path = APIManager.swift; sourceTree = "<group>"; };
		6198FE672AA3892A00B55A44 /* Constant.swift */ = {isa = PBXFileReference; lastKnownFileType = sourcecode.swift; path = Constant.swift; sourceTree = "<group>"; };
		6198FE692AA3934F00B55A44 /* ProuductListViewController.swift */ = {isa = PBXFileReference; lastKnownFileType = sourcecode.swift; path = ProuductListViewController.swift; sourceTree = "<group>"; };
		61FBC15B2AA365E900A66E29 /* Prouduct MVVM.app */ = {isa = PBXFileReference; explicitFileType = wrapper.application; includeInIndex = 0; path = "Prouduct MVVM.app"; sourceTree = BUILT_PRODUCTS_DIR; };
		61FBC15E2AA365E900A66E29 /* AppDelegate.swift */ = {isa = PBXFileReference; lastKnownFileType = sourcecode.swift; path = AppDelegate.swift; sourceTree = "<group>"; };
		61FBC1602AA365E900A66E29 /* SceneDelegate.swift */ = {isa = PBXFileReference; lastKnownFileType = sourcecode.swift; path = SceneDelegate.swift; sourceTree = "<group>"; };
		61FBC1652AA365E900A66E29 /* Base */ = {isa = PBXFileReference; lastKnownFileType = file.storyboard; name = Base; path = Base.lproj/Main.storyboard; sourceTree = "<group>"; };
		61FBC1682AA365E900A66E29 /* Prouduct_MVVM.xcdatamodel */ = {isa = PBXFileReference; lastKnownFileType = wrapper.xcdatamodel; path = Prouduct_MVVM.xcdatamodel; sourceTree = "<group>"; };
		61FBC16A2AA365EC00A66E29 /* Assets.xcassets */ = {isa = PBXFileReference; lastKnownFileType = folder.assetcatalog; path = Assets.xcassets; sourceTree = "<group>"; };
		61FBC16D2AA365EC00A66E29 /* Base */ = {isa = PBXFileReference; lastKnownFileType = file.storyboard; name = Base; path = Base.lproj/LaunchScreen.storyboard; sourceTree = "<group>"; };
		61FBC16F2AA365EC00A66E29 /* Info.plist */ = {isa = PBXFileReference; lastKnownFileType = text.plist.xml; path = Info.plist; sourceTree = "<group>"; };
		61FBC1802AA3679400A66E29 /* Product.swift */ = {isa = PBXFileReference; lastKnownFileType = sourcecode.swift; path = Product.swift; sourceTree = "<group>"; };
/* End PBXFileReference section */

/* Begin PBXFrameworksBuildPhase section */
		61FBC1582AA365E900A66E29 /* Frameworks */ = {
			isa = PBXFrameworksBuildPhase;
			buildActionMask = 2147483647;
			files = (
				618032172AA42FBC00411AA5 /* Kingfisher in Frameworks */,
			);
			runOnlyForDeploymentPostprocessing = 0;
		};
/* End PBXFrameworksBuildPhase section */

/* Begin PBXGroup section */
		6128332A2AA48E2400D132B5 /* CoreData Item */ = {
			isa = PBXGroup;
			children = (
				61937E222AA4BB630090CAF2 /* FavoriteProduct+CoreDataClass.swift */,
				61937E232AA4BB630090CAF2 /* FavoriteProduct+CoreDataProperties.swift */,
			);
			path = "CoreData Item";
			sourceTree = "<group>";
		};
		618E0CF02AA3D1A800ACB908 /* Controller */ = {
			isa = PBXGroup;
			children = (
				61962C862AA4038A009EA451 /* ViewController.swift */,
				6198FE692AA3934F00B55A44 /* ProuductListViewController.swift */,
				61962C7C2AA3E40E009EA451 /* DetailsViewController.swift */,
				61962C842AA3F82D009EA451 /* ProductPhotoCollectionViewCells.swift */,
				61962C8A2AA40456009EA451 /* NetworkErrorViewsController.swift */,
				61962C8C2AA4070E009EA451 /* FavoritesViewController.swift */,
			);
			path = Controller;
			sourceTree = "<group>";
		};
		61FBC1522AA365E900A66E29 = {
			isa = PBXGroup;
			children = (
				61FBC15D2AA365E900A66E29 /* Prouduct MVVM */,
				61FBC15C2AA365E900A66E29 /* Products */,
			);
			sourceTree = "<group>";
		};
		61FBC15C2AA365E900A66E29 /* Products */ = {
			isa = PBXGroup;
			children = (
				61FBC15B2AA365E900A66E29 /* Prouduct MVVM.app */,
			);
			name = Products;
			sourceTree = "<group>";
		};
		61FBC15D2AA365E900A66E29 /* Prouduct MVVM */ = {
			isa = PBXGroup;
			children = (
				6128332A2AA48E2400D132B5 /* CoreData Item */,
				61FBC17B2AA3661500A66E29 /* Application */,
				61FBC1792AA3660B00A66E29 /* Constant */,
				61FBC17A2AA3661100A66E29 /* Extensions */,
				61FBC1782AA3660600A66E29 /* Helper */,
				61FBC1772AA365FF00A66E29 /* Screens */,
				61FBC1762AA365FB00A66E29 /* Storyboard */,
				61FBC1752AA365F700A66E29 /* Resources */,
				61FBC16F2AA365EC00A66E29 /* Info.plist */,
				61FBC1672AA365E900A66E29 /* Prouduct_MVVM.xcdatamodeld */,
			);
			path = "Prouduct MVVM";
			sourceTree = "<group>";
		};
		61FBC1752AA365F700A66E29 /* Resources */ = {
			isa = PBXGroup;
			children = (
				61FBC16A2AA365EC00A66E29 /* Assets.xcassets */,
			);
			path = Resources;
			sourceTree = "<group>";
		};
		61FBC1762AA365FB00A66E29 /* Storyboard */ = {
			isa = PBXGroup;
			children = (
				61FBC1642AA365E900A66E29 /* Main.storyboard */,
				61FBC16C2AA365EC00A66E29 /* LaunchScreen.storyboard */,
			);
			path = Storyboard;
			sourceTree = "<group>";
		};
		61FBC1772AA365FF00A66E29 /* Screens */ = {
			isa = PBXGroup;
			children = (
				61FBC17C2AA366BA00A66E29 /* Product */,
			);
			path = Screens;
			sourceTree = "<group>";
		};
		61FBC1782AA3660600A66E29 /* Helper */ = {
			isa = PBXGroup;
			children = (
				6198FE652AA3854F00B55A44 /* APIManager.swift */,
			);
			path = Helper;
			sourceTree = "<group>";
		};
		61FBC1792AA3660B00A66E29 /* Constant */ = {
			isa = PBXGroup;
			children = (
				6198FE672AA3892A00B55A44 /* Constant.swift */,
			);
			path = Constant;
			sourceTree = "<group>";
		};
		61FBC17A2AA3661100A66E29 /* Extensions */ = {
			isa = PBXGroup;
			children = (
				618E0CEE2AA3CA1400ACB908 /* UIImageView + Extension.swift */,
			);
			path = Extensions;
			sourceTree = "<group>";
		};
		61FBC17B2AA3661500A66E29 /* Application */ = {
			isa = PBXGroup;
			children = (
				61FBC15E2AA365E900A66E29 /* AppDelegate.swift */,
				61FBC1602AA365E900A66E29 /* SceneDelegate.swift */,
			);
			path = Application;
			sourceTree = "<group>";
		};
		61FBC17C2AA366BA00A66E29 /* Product */ = {
			isa = PBXGroup;
			children = (
				61FBC17F2AA366DC00A66E29 /* Model */,
				61FBC17D2AA366D200A66E29 /* View */,
				61FBC17E2AA366D900A66E29 /* ViewModel */,
			);
			path = Product;
			sourceTree = "<group>";
		};
		61FBC17D2AA366D200A66E29 /* View */ = {
			isa = PBXGroup;
			children = (
				618E0CE72AA3BCE800ACB908 /* ProductCell.swift */,
				618E0CE82AA3BCE800ACB908 /* ProductCell.xib */,
				618E0CF02AA3D1A800ACB908 /* Controller */,
			);
			path = View;
			sourceTree = "<group>";
		};
		61FBC17E2AA366D900A66E29 /* ViewModel */ = {
			isa = PBXGroup;
			children = (
				617B86C62AA3A43E006291B3 /* ProuductViewModel.swift */,
				61962C922AA40A5C009EA451 /* FavoritesManager.swift */,
				612833242AA48D6900D132B5 /* CoreDataHelper.swift */,
				61962C882AA403B7009EA451 /* Reachability.swift */,
			);
			path = ViewModel;
			sourceTree = "<group>";
		};
		61FBC17F2AA366DC00A66E29 /* Model */ = {
			isa = PBXGroup;
			children = (
				61FBC1802AA3679400A66E29 /* Product.swift */,
			);
			path = Model;
			sourceTree = "<group>";
		};
/* End PBXGroup section */

/* Begin PBXNativeTarget section */
		61FBC15A2AA365E900A66E29 /* Prouduct MVVM */ = {
			isa = PBXNativeTarget;
			buildConfigurationList = 61FBC1722AA365EC00A66E29 /* Build configuration list for PBXNativeTarget "Prouduct MVVM" */;
			buildPhases = (
				61FBC1572AA365E900A66E29 /* Sources */,
				61FBC1582AA365E900A66E29 /* Frameworks */,
				61FBC1592AA365E900A66E29 /* Resources */,
			);
			buildRules = (
			);
			dependencies = (
			);
			name = "Prouduct MVVM";
			packageProductDependencies = (
				618032162AA42FBC00411AA5 /* Kingfisher */,
			);
			productName = "Prouduct MVVM";
			productReference = 61FBC15B2AA365E900A66E29 /* Prouduct MVVM.app */;
			productType = "com.apple.product-type.application";
		};
/* End PBXNativeTarget section */

/* Begin PBXProject section */
		61FBC1532AA365E900A66E29 /* Project object */ = {
			isa = PBXProject;
			attributes = {
				BuildIndependentTargetsInParallel = 1;
				LastSwiftUpdateCheck = 1410;
				LastUpgradeCheck = 1410;
				TargetAttributes = {
					61FBC15A2AA365E900A66E29 = {
						CreatedOnToolsVersion = 14.1;
					};
				};
			};
			buildConfigurationList = 61FBC1562AA365E900A66E29 /* Build configuration list for PBXProject "Prouduct MVVM" */;
			compatibilityVersion = "Xcode 14.0";
			developmentRegion = en;
			hasScannedForEncodings = 0;
			knownRegions = (
				en,
				Base,
			);
			mainGroup = 61FBC1522AA365E900A66E29;
			packageReferences = (
				618032152AA42FBC00411AA5 /* XCRemoteSwiftPackageReference "Kingfisher" */,
			);
			productRefGroup = 61FBC15C2AA365E900A66E29 /* Products */;
			projectDirPath = "";
			projectRoot = "";
			targets = (
				61FBC15A2AA365E900A66E29 /* Prouduct MVVM */,
			);
		};
/* End PBXProject section */

/* Begin PBXResourcesBuildPhase section */
		61FBC1592AA365E900A66E29 /* Resources */ = {
			isa = PBXResourcesBuildPhase;
			buildActionMask = 2147483647;
			files = (
				61FBC16E2AA365EC00A66E29 /* LaunchScreen.storyboard in Resources */,
				618E0CEA2AA3BCE800ACB908 /* ProductCell.xib in Resources */,
				61FBC16B2AA365EC00A66E29 /* Assets.xcassets in Resources */,
				61FBC1662AA365E900A66E29 /* Main.storyboard in Resources */,
			);
			runOnlyForDeploymentPostprocessing = 0;
		};
/* End PBXResourcesBuildPhase section */

/* Begin PBXSourcesBuildPhase section */
		61FBC1572AA365E900A66E29 /* Sources */ = {
			isa = PBXSourcesBuildPhase;
			buildActionMask = 2147483647;
			files = (
				61962C892AA403B7009EA451 /* Reachability.swift in Sources */,
				61FBC1692AA365E900A66E29 /* Prouduct_MVVM.xcdatamodeld in Sources */,
				61FBC1812AA3679400A66E29 /* Product.swift in Sources */,
				6198FE6A2AA3934F00B55A44 /* ProuductListViewController.swift in Sources */,
				61962C7D2AA3E40E009EA451 /* DetailsViewController.swift in Sources */,
				6198FE662AA3854F00B55A44 /* APIManager.swift in Sources */,
				612833252AA48D6900D132B5 /* CoreDataHelper.swift in Sources */,
				61937E242AA4BB630090CAF2 /* FavoriteProduct+CoreDataClass.swift in Sources */,
				618E0CEF2AA3CA1400ACB908 /* UIImageView + Extension.swift in Sources */,
				617B86C72AA3A43E006291B3 /* ProuductViewModel.swift in Sources */,
				61FBC15F2AA365E900A66E29 /* AppDelegate.swift in Sources */,
				61937E252AA4BB630090CAF2 /* FavoriteProduct+CoreDataProperties.swift in Sources */,
				61962C8B2AA40456009EA451 /* NetworkErrorViewsController.swift in Sources */,
				61962C8D2AA4070E009EA451 /* FavoritesViewController.swift in Sources */,
				61962C932AA40A5C009EA451 /* FavoritesManager.swift in Sources */,
				61962C872AA4038A009EA451 /* ViewController.swift in Sources */,
				618E0CE92AA3BCE800ACB908 /* ProductCell.swift in Sources */,
				61962C852AA3F82D009EA451 /* ProductPhotoCollectionViewCells.swift in Sources */,
				61FBC1612AA365E900A66E29 /* SceneDelegate.swift in Sources */,
				6198FE682AA3892A00B55A44 /* Constant.swift in Sources */,
			);
			runOnlyForDeploymentPostprocessing = 0;
		};
/* End PBXSourcesBuildPhase section */

/* Begin PBXVariantGroup section */
		61FBC1642AA365E900A66E29 /* Main.storyboard */ = {
			isa = PBXVariantGroup;
			children = (
				61FBC1652AA365E900A66E29 /* Base */,
			);
			name = Main.storyboard;
			sourceTree = "<group>";
		};
		61FBC16C2AA365EC00A66E29 /* LaunchScreen.storyboard */ = {
			isa = PBXVariantGroup;
			children = (
				61FBC16D2AA365EC00A66E29 /* Base */,
			);
			name = LaunchScreen.storyboard;
			sourceTree = "<group>";
		};
/* End PBXVariantGroup section */

/* Begin XCBuildConfiguration section */
		61FBC1702AA365EC00A66E29 /* Debug */ = {
			isa = XCBuildConfiguration;
			buildSettings = {
				ALWAYS_SEARCH_USER_PATHS = NO;
				CLANG_ANALYZER_NONNULL = YES;
				CLANG_ANALYZER_NUMBER_OBJECT_CONVERSION = YES_AGGRESSIVE;
				CLANG_CXX_LANGUAGE_STANDARD = "gnu++20";
				CLANG_ENABLE_MODULES = YES;
				CLANG_ENABLE_OBJC_ARC = YES;
				CLANG_ENABLE_OBJC_WEAK = YES;
				CLANG_WARN_BLOCK_CAPTURE_AUTORELEASING = YES;
				CLANG_WARN_BOOL_CONVERSION = YES;
				CLANG_WARN_COMMA = YES;
				CLANG_WARN_CONSTANT_CONVERSION = YES;
				CLANG_WARN_DEPRECATED_OBJC_IMPLEMENTATIONS = YES;
				CLANG_WARN_DIRECT_OBJC_ISA_USAGE = YES_ERROR;
				CLANG_WARN_DOCUMENTATION_COMMENTS = YES;
				CLANG_WARN_EMPTY_BODY = YES;
				CLANG_WARN_ENUM_CONVERSION = YES;
				CLANG_WARN_INFINITE_RECURSION = YES;
				CLANG_WARN_INT_CONVERSION = YES;
				CLANG_WARN_NON_LITERAL_NULL_CONVERSION = YES;
				CLANG_WARN_OBJC_IMPLICIT_RETAIN_SELF = YES;
				CLANG_WARN_OBJC_LITERAL_CONVERSION = YES;
				CLANG_WARN_OBJC_ROOT_CLASS = YES_ERROR;
				CLANG_WARN_QUOTED_INCLUDE_IN_FRAMEWORK_HEADER = YES;
				CLANG_WARN_RANGE_LOOP_ANALYSIS = YES;
				CLANG_WARN_STRICT_PROTOTYPES = YES;
				CLANG_WARN_SUSPICIOUS_MOVE = YES;
				CLANG_WARN_UNGUARDED_AVAILABILITY = YES_AGGRESSIVE;
				CLANG_WARN_UNREACHABLE_CODE = YES;
				CLANG_WARN__DUPLICATE_METHOD_MATCH = YES;
				COPY_PHASE_STRIP = NO;
				DEBUG_INFORMATION_FORMAT = dwarf;
				ENABLE_STRICT_OBJC_MSGSEND = YES;
				ENABLE_TESTABILITY = YES;
				GCC_C_LANGUAGE_STANDARD = gnu11;
				GCC_DYNAMIC_NO_PIC = NO;
				GCC_NO_COMMON_BLOCKS = YES;
				GCC_OPTIMIZATION_LEVEL = 0;
				GCC_PREPROCESSOR_DEFINITIONS = (
					"DEBUG=1",
					"$(inherited)",
				);
				GCC_WARN_64_TO_32_BIT_CONVERSION = YES;
				GCC_WARN_ABOUT_RETURN_TYPE = YES_ERROR;
				GCC_WARN_UNDECLARED_SELECTOR = YES;
				GCC_WARN_UNINITIALIZED_AUTOS = YES_AGGRESSIVE;
				GCC_WARN_UNUSED_FUNCTION = YES;
				GCC_WARN_UNUSED_VARIABLE = YES;
				IPHONEOS_DEPLOYMENT_TARGET = 16.1;
				MTL_ENABLE_DEBUG_INFO = INCLUDE_SOURCE;
				MTL_FAST_MATH = YES;
				ONLY_ACTIVE_ARCH = YES;
				SDKROOT = iphoneos;
				SWIFT_ACTIVE_COMPILATION_CONDITIONS = DEBUG;
				SWIFT_OPTIMIZATION_LEVEL = "-Onone";
			};
			name = Debug;
		};
		61FBC1712AA365EC00A66E29 /* Release */ = {
			isa = XCBuildConfiguration;
			buildSettings = {
				ALWAYS_SEARCH_USER_PATHS = NO;
				CLANG_ANALYZER_NONNULL = YES;
				CLANG_ANALYZER_NUMBER_OBJECT_CONVERSION = YES_AGGRESSIVE;
				CLANG_CXX_LANGUAGE_STANDARD = "gnu++20";
				CLANG_ENABLE_MODULES = YES;
				CLANG_ENABLE_OBJC_ARC = YES;
				CLANG_ENABLE_OBJC_WEAK = YES;
				CLANG_WARN_BLOCK_CAPTURE_AUTORELEASING = YES;
				CLANG_WARN_BOOL_CONVERSION = YES;
				CLANG_WARN_COMMA = YES;
				CLANG_WARN_CONSTANT_CONVERSION = YES;
				CLANG_WARN_DEPRECATED_OBJC_IMPLEMENTATIONS = YES;
				CLANG_WARN_DIRECT_OBJC_ISA_USAGE = YES_ERROR;
				CLANG_WARN_DOCUMENTATION_COMMENTS = YES;
				CLANG_WARN_EMPTY_BODY = YES;
				CLANG_WARN_ENUM_CONVERSION = YES;
				CLANG_WARN_INFINITE_RECURSION = YES;
				CLANG_WARN_INT_CONVERSION = YES;
				CLANG_WARN_NON_LITERAL_NULL_CONVERSION = YES;
				CLANG_WARN_OBJC_IMPLICIT_RETAIN_SELF = YES;
				CLANG_WARN_OBJC_LITERAL_CONVERSION = YES;
				CLANG_WARN_OBJC_ROOT_CLASS = YES_ERROR;
				CLANG_WARN_QUOTED_INCLUDE_IN_FRAMEWORK_HEADER = YES;
				CLANG_WARN_RANGE_LOOP_ANALYSIS = YES;
				CLANG_WARN_STRICT_PROTOTYPES = YES;
				CLANG_WARN_SUSPICIOUS_MOVE = YES;
				CLANG_WARN_UNGUARDED_AVAILABILITY = YES_AGGRESSIVE;
				CLANG_WARN_UNREACHABLE_CODE = YES;
				CLANG_WARN__DUPLICATE_METHOD_MATCH = YES;
				COPY_PHASE_STRIP = NO;
				DEBUG_INFORMATION_FORMAT = "dwarf-with-dsym";
				ENABLE_NS_ASSERTIONS = NO;
				ENABLE_STRICT_OBJC_MSGSEND = YES;
				GCC_C_LANGUAGE_STANDARD = gnu11;
				GCC_NO_COMMON_BLOCKS = YES;
				GCC_WARN_64_TO_32_BIT_CONVERSION = YES;
				GCC_WARN_ABOUT_RETURN_TYPE = YES_ERROR;
				GCC_WARN_UNDECLARED_SELECTOR = YES;
				GCC_WARN_UNINITIALIZED_AUTOS = YES_AGGRESSIVE;
				GCC_WARN_UNUSED_FUNCTION = YES;
				GCC_WARN_UNUSED_VARIABLE = YES;
				IPHONEOS_DEPLOYMENT_TARGET = 16.1;
				MTL_ENABLE_DEBUG_INFO = NO;
				MTL_FAST_MATH = YES;
				SDKROOT = iphoneos;
				SWIFT_COMPILATION_MODE = wholemodule;
				SWIFT_OPTIMIZATION_LEVEL = "-O";
				VALIDATE_PRODUCT = YES;
			};
			name = Release;
		};
		61FBC1732AA365EC00A66E29 /* Debug */ = {
			isa = XCBuildConfiguration;
			buildSettings = {
				ASSETCATALOG_COMPILER_APPICON_NAME = AppIcon;
				ASSETCATALOG_COMPILER_GLOBAL_ACCENT_COLOR_NAME = AccentColor;
				CODE_SIGN_STYLE = Automatic;
				CURRENT_PROJECT_VERSION = 1;
				DEVELOPMENT_TEAM = 7L9XCWN385;
				GENERATE_INFOPLIST_FILE = YES;
				INFOPLIST_FILE = "Prouduct MVVM/Info.plist";
				INFOPLIST_KEY_UIApplicationSupportsIndirectInputEvents = YES;
				INFOPLIST_KEY_UILaunchStoryboardName = LaunchScreen;
				INFOPLIST_KEY_UIMainStoryboardFile = Main;
				INFOPLIST_KEY_UISupportedInterfaceOrientations_iPad = "UIInterfaceOrientationPortrait UIInterfaceOrientationPortraitUpsideDown UIInterfaceOrientationLandscapeLeft UIInterfaceOrientationLandscapeRight";
				INFOPLIST_KEY_UISupportedInterfaceOrientations_iPhone = "UIInterfaceOrientationPortrait UIInterfaceOrientationLandscapeLeft UIInterfaceOrientationLandscapeRight";
				LD_RUNPATH_SEARCH_PATHS = (
					"$(inherited)",
					"@executable_path/Frameworks",
				);
				MARKETING_VERSION = 1.0;
				PRODUCT_BUNDLE_IDENTIFIER = "com.sip.Prouduct-MVVM";
				PRODUCT_NAME = "$(TARGET_NAME)";
				SWIFT_EMIT_LOC_STRINGS = YES;
				SWIFT_VERSION = 5.0;
				TARGETED_DEVICE_FAMILY = "1,2";
			};
			name = Debug;
		};
		61FBC1742AA365EC00A66E29 /* Release */ = {
			isa = XCBuildConfiguration;
			buildSettings = {
				ASSETCATALOG_COMPILER_APPICON_NAME = AppIcon;
				ASSETCATALOG_COMPILER_GLOBAL_ACCENT_COLOR_NAME = AccentColor;
				CODE_SIGN_STYLE = Automatic;
				CURRENT_PROJECT_VERSION = 1;
				DEVELOPMENT_TEAM = 7L9XCWN385;
				GENERATE_INFOPLIST_FILE = YES;
				INFOPLIST_FILE = "Prouduct MVVM/Info.plist";
				INFOPLIST_KEY_UIApplicationSupportsIndirectInputEvents = YES;
				INFOPLIST_KEY_UILaunchStoryboardName = LaunchScreen;
				INFOPLIST_KEY_UIMainStoryboardFile = Main;
				INFOPLIST_KEY_UISupportedInterfaceOrientations_iPad = "UIInterfaceOrientationPortrait UIInterfaceOrientationPortraitUpsideDown UIInterfaceOrientationLandscapeLeft UIInterfaceOrientationLandscapeRight";
				INFOPLIST_KEY_UISupportedInterfaceOrientations_iPhone = "UIInterfaceOrientationPortrait UIInterfaceOrientationLandscapeLeft UIInterfaceOrientationLandscapeRight";
				LD_RUNPATH_SEARCH_PATHS = (
					"$(inherited)",
					"@executable_path/Frameworks",
				);
				MARKETING_VERSION = 1.0;
				PRODUCT_BUNDLE_IDENTIFIER = "com.sip.Prouduct-MVVM";
				PRODUCT_NAME = "$(TARGET_NAME)";
				SWIFT_EMIT_LOC_STRINGS = YES;
				SWIFT_VERSION = 5.0;
				TARGETED_DEVICE_FAMILY = "1,2";
			};
			name = Release;
		};
/* End XCBuildConfiguration section */

/* Begin XCConfigurationList section */
		61FBC1562AA365E900A66E29 /* Build configuration list for PBXProject "Prouduct MVVM" */ = {
			isa = XCConfigurationList;
			buildConfigurations = (
				61FBC1702AA365EC00A66E29 /* Debug */,
				61FBC1712AA365EC00A66E29 /* Release */,
			);
			defaultConfigurationIsVisible = 0;
			defaultConfigurationName = Release;
		};
		61FBC1722AA365EC00A66E29 /* Build configuration list for PBXNativeTarget "Prouduct MVVM" */ = {
			isa = XCConfigurationList;
			buildConfigurations = (
				61FBC1732AA365EC00A66E29 /* Debug */,
				61FBC1742AA365EC00A66E29 /* Release */,
			);
			defaultConfigurationIsVisible = 0;
			defaultConfigurationName = Release;
		};
/* End XCConfigurationList section */

/* Begin XCRemoteSwiftPackageReference section */
		618032152AA42FBC00411AA5 /* XCRemoteSwiftPackageReference "Kingfisher" */ = {
			isa = XCRemoteSwiftPackageReference;
			repositoryURL = "https://github.com/onevcat/Kingfisher.git";
			requirement = {
				kind = upToNextMajorVersion;
				minimumVersion = 7.0.0;
			};
		};
/* End XCRemoteSwiftPackageReference section */

/* Begin XCSwiftPackageProductDependency section */
		618032162AA42FBC00411AA5 /* Kingfisher */ = {
			isa = XCSwiftPackageProductDependency;
			package = 618032152AA42FBC00411AA5 /* XCRemoteSwiftPackageReference "Kingfisher" */;
			productName = Kingfisher;
		};
/* End XCSwiftPackageProductDependency section */

/* Begin XCVersionGroup section */
		61FBC1672AA365E900A66E29 /* Prouduct_MVVM.xcdatamodeld */ = {
			isa = XCVersionGroup;
			children = (
				61FBC1682AA365E900A66E29 /* Prouduct_MVVM.xcdatamodel */,
			);
			currentVersion = 61FBC1682AA365E900A66E29 /* Prouduct_MVVM.xcdatamodel */;
			path = Prouduct_MVVM.xcdatamodeld;
			sourceTree = "<group>";
			versionGroupType = wrapper.xcdatamodel;
		};
/* End XCVersionGroup section */
	};
	rootObject = 61FBC1532AA365E900A66E29 /* Project object */;
}
